// !$*UTF8*$!
{
	archiveVersion = 1;
	classes = {
	};
	objectVersion = 56;
	objects = {

/* Begin PBXBuildFile section */
		8A0DB0C32A92894000A7C81C /* ImagePiker.swift in Sources */ = {isa = PBXBuildFile; fileRef = 8A0DB0C22A92894000A7C81C /* ImagePiker.swift */; };
		8A0DB0C52A928EDB00A7C81C /* AddProductView.swift in Sources */ = {isa = PBXBuildFile; fileRef = 8A0DB0C42A928EDB00A7C81C /* AddProductView.swift */; };
		8A6EE88A2A987C3200F565FC /* StorageSerive.swift in Sources */ = {isa = PBXBuildFile; fileRef = 8A6EE8892A987C3200F565FC /* StorageSerive.swift */; };
		8ABF255C2A796B8900144772 /* OrderView.swift in Sources */ = {isa = PBXBuildFile; fileRef = 8ABF255B2A796B8900144772 /* OrderView.swift */; };
		8ABF255E2A796B9E00144772 /* OrderViewModel.swift in Sources */ = {isa = PBXBuildFile; fileRef = 8ABF255D2A796B9E00144772 /* OrderViewModel.swift */; };
		CA1158F429E3DE7F00821860 /* GoogleService-Info.plist in Resources */ = {isa = PBXBuildFile; fileRef = CA1158F329E3DE7F00821860 /* GoogleService-Info.plist */; };
		CA1158F729E3E22C00821860 /* FirebaseAuth in Frameworks */ = {isa = PBXBuildFile; productRef = CA1158F629E3E22C00821860 /* FirebaseAuth */; };
		CA1158F929E3E22C00821860 /* FirebaseFirestore in Frameworks */ = {isa = PBXBuildFile; productRef = CA1158F829E3E22C00821860 /* FirebaseFirestore */; };
		CA1158FB29E3E22C00821860 /* FirebaseStorage in Frameworks */ = {isa = PBXBuildFile; productRef = CA1158FA29E3E22C00821860 /* FirebaseStorage */; };
		CA1CD0FC29A699E10078B827 /* DeliveryPizzaApp.swift in Sources */ = {isa = PBXBuildFile; fileRef = CA1CD0FB29A699E10078B827 /* DeliveryPizzaApp.swift */; };
		CA1CD0FE29A699E10078B827 /* AuthView.swift in Sources */ = {isa = PBXBuildFile; fileRef = CA1CD0FD29A699E10078B827 /* AuthView.swift */; };
		CA1CD10029A699E20078B827 /* Assets.xcassets in Resources */ = {isa = PBXBuildFile; fileRef = CA1CD0FF29A699E20078B827 /* Assets.xcassets */; };
		CA1CD10329A699E20078B827 /* Preview Assets.xcassets in Resources */ = {isa = PBXBuildFile; fileRef = CA1CD10229A699E20078B827 /* Preview Assets.xcassets */; };
		CA1F0D6D2A15410B00FC5419 /* Order.swift in Sources */ = {isa = PBXBuildFile; fileRef = CA1F0D6C2A15410B00FC5419 /* Order.swift */; };
		CA1F0D6F2A15497400FC5419 /* OrderStatus.swift in Sources */ = {isa = PBXBuildFile; fileRef = CA1F0D6E2A15497400FC5419 /* OrderStatus.swift */; };
		CA2B02E229D2BE920088C572 /* ProductDetailViewModel.swift in Sources */ = {isa = PBXBuildFile; fileRef = CA2B02E129D2BE920088C572 /* ProductDetailViewModel.swift */; };
		CA4460A829ED15D9004A772C /* AuthService.swift in Sources */ = {isa = PBXBuildFile; fileRef = CA4460A729ED15D9004A772C /* AuthService.swift */; };
		CA5B28512A0230C90057A323 /* ProfileViewModel.swift in Sources */ = {isa = PBXBuildFile; fileRef = CA5B28502A0230C90057A323 /* ProfileViewModel.swift */; };
		CA5B72EE29F0882F00DF66F6 /* MainTabBarViewModel.swift in Sources */ = {isa = PBXBuildFile; fileRef = CA5B72ED29F0882F00DF66F6 /* MainTabBarViewModel.swift */; };
		CA5EAEC729D4FD6000F148D0 /* CartViewModel.swift in Sources */ = {isa = PBXBuildFile; fileRef = CA5EAEC629D4FD6000F148D0 /* CartViewModel.swift */; };
		CA5EAEC929D4FDDB00F148D0 /* Positions.swift in Sources */ = {isa = PBXBuildFile; fileRef = CA5EAEC829D4FDDB00F148D0 /* Positions.swift */; };
		CA892FDB29D8C57000A47B86 /* PositionCell.swift in Sources */ = {isa = PBXBuildFile; fileRef = CA892FDA29D8C57000A47B86 /* PositionCell.swift */; };
		CAC7CE0329FCE75000A6F56E /* KKUser.swift in Sources */ = {isa = PBXBuildFile; fileRef = CAC7CE0229FCE75000A6F56E /* KKUser.swift */; };
		CAC7CE0529FCEA9000A6F56E /* DataBaseService.swift in Sources */ = {isa = PBXBuildFile; fileRef = CAC7CE0429FCEA9000A6F56E /* DataBaseService.swift */; };
		CAD05AC02A33C77E003C1DBC /* AdminOrdersView.swift in Sources */ = {isa = PBXBuildFile; fileRef = CAD05ABF2A33C77E003C1DBC /* AdminOrdersView.swift */; };
		CAD05AC52A33C948003C1DBC /* AdminOrdersViewModel.swift in Sources */ = {isa = PBXBuildFile; fileRef = CAD05AC42A33C948003C1DBC /* AdminOrdersViewModel.swift */; };
		CAF463712A2A152100874842 /* OrderCell.swift in Sources */ = {isa = PBXBuildFile; fileRef = CAF463702A2A152100874842 /* OrderCell.swift */; };
		CAFBC82F29CF94CB0089A4C1 /* MainTabBar.swift in Sources */ = {isa = PBXBuildFile; fileRef = CAFBC82E29CF94CB0089A4C1 /* MainTabBar.swift */; };
		CAFBC83129CF9FE30089A4C1 /* CatalogView.swift in Sources */ = {isa = PBXBuildFile; fileRef = CAFBC83029CF9FE30089A4C1 /* CatalogView.swift */; };
		CAFBC83329CFA0390089A4C1 /* BasketView.swift in Sources */ = {isa = PBXBuildFile; fileRef = CAFBC83229CFA0390089A4C1 /* BasketView.swift */; };
		CAFBC83529CFA0650089A4C1 /* ProfileView.swift in Sources */ = {isa = PBXBuildFile; fileRef = CAFBC83429CFA0650089A4C1 /* ProfileView.swift */; };
		CAFBC83829D090E00089A4C1 /* Product.swift in Sources */ = {isa = PBXBuildFile; fileRef = CAFBC83729D090E00089A4C1 /* Product.swift */; };
		CAFBC83A29D0928F0089A4C1 /* ProductViewCell.swift in Sources */ = {isa = PBXBuildFile; fileRef = CAFBC83929D0928F0089A4C1 /* ProductViewCell.swift */; };
		CAFBC83E29D09C770089A4C1 /* CatalogViewModel.swift in Sources */ = {isa = PBXBuildFile; fileRef = CAFBC83D29D09C770089A4C1 /* CatalogViewModel.swift */; };
		CAFBC84129D0A1660089A4C1 /* ProductDetailVIew.swift in Sources */ = {isa = PBXBuildFile; fileRef = CAFBC84029D0A1660089A4C1 /* ProductDetailVIew.swift */; };
/* End PBXBuildFile section */

/* Begin PBXFileReference section */
		8A0DB0C22A92894000A7C81C /* ImagePiker.swift */ = {isa = PBXFileReference; lastKnownFileType = sourcecode.swift; path = ImagePiker.swift; sourceTree = "<group>"; };
		8A0DB0C42A928EDB00A7C81C /* AddProductView.swift */ = {isa = PBXFileReference; lastKnownFileType = sourcecode.swift; path = AddProductView.swift; sourceTree = "<group>"; };
		8A6EE8892A987C3200F565FC /* StorageSerive.swift */ = {isa = PBXFileReference; lastKnownFileType = sourcecode.swift; path = StorageSerive.swift; sourceTree = "<group>"; };
		8ABF255B2A796B8900144772 /* OrderView.swift */ = {isa = PBXFileReference; lastKnownFileType = sourcecode.swift; path = OrderView.swift; sourceTree = "<group>"; };
		8ABF255D2A796B9E00144772 /* OrderViewModel.swift */ = {isa = PBXFileReference; lastKnownFileType = sourcecode.swift; path = OrderViewModel.swift; sourceTree = "<group>"; };
		CA1158F329E3DE7F00821860 /* GoogleService-Info.plist */ = {isa = PBXFileReference; fileEncoding = 4; lastKnownFileType = text.plist.xml; path = "GoogleService-Info.plist"; sourceTree = "<group>"; };
		CA1CD0F829A699E10078B827 /* DeliveryPizza.app */ = {isa = PBXFileReference; explicitFileType = wrapper.application; includeInIndex = 0; path = DeliveryPizza.app; sourceTree = BUILT_PRODUCTS_DIR; };
		CA1CD0FB29A699E10078B827 /* DeliveryPizzaApp.swift */ = {isa = PBXFileReference; lastKnownFileType = sourcecode.swift; path = DeliveryPizzaApp.swift; sourceTree = "<group>"; };
		CA1CD0FD29A699E10078B827 /* AuthView.swift */ = {isa = PBXFileReference; lastKnownFileType = sourcecode.swift; path = AuthView.swift; sourceTree = "<group>"; };
		CA1CD0FF29A699E20078B827 /* Assets.xcassets */ = {isa = PBXFileReference; lastKnownFileType = folder.assetcatalog; path = Assets.xcassets; sourceTree = "<group>"; };
		CA1CD10229A699E20078B827 /* Preview Assets.xcassets */ = {isa = PBXFileReference; lastKnownFileType = folder.assetcatalog; path = "Preview Assets.xcassets"; sourceTree = "<group>"; };
		CA1F0D6C2A15410B00FC5419 /* Order.swift */ = {isa = PBXFileReference; lastKnownFileType = sourcecode.swift; path = Order.swift; sourceTree = "<group>"; };
		CA1F0D6E2A15497400FC5419 /* OrderStatus.swift */ = {isa = PBXFileReference; lastKnownFileType = sourcecode.swift; path = OrderStatus.swift; sourceTree = "<group>"; };
		CA2B02E129D2BE920088C572 /* ProductDetailViewModel.swift */ = {isa = PBXFileReference; lastKnownFileType = sourcecode.swift; path = ProductDetailViewModel.swift; sourceTree = "<group>"; };
		CA4460A729ED15D9004A772C /* AuthService.swift */ = {isa = PBXFileReference; lastKnownFileType = sourcecode.swift; path = AuthService.swift; sourceTree = "<group>"; };
		CA5B28502A0230C90057A323 /* ProfileViewModel.swift */ = {isa = PBXFileReference; lastKnownFileType = sourcecode.swift; path = ProfileViewModel.swift; sourceTree = "<group>"; };
		CA5B72ED29F0882F00DF66F6 /* MainTabBarViewModel.swift */ = {isa = PBXFileReference; lastKnownFileType = sourcecode.swift; path = MainTabBarViewModel.swift; sourceTree = "<group>"; };
		CA5EAEC629D4FD6000F148D0 /* CartViewModel.swift */ = {isa = PBXFileReference; lastKnownFileType = sourcecode.swift; path = CartViewModel.swift; sourceTree = "<group>"; };
		CA5EAEC829D4FDDB00F148D0 /* Positions.swift */ = {isa = PBXFileReference; lastKnownFileType = sourcecode.swift; path = Positions.swift; sourceTree = "<group>"; };
		CA892FDA29D8C57000A47B86 /* PositionCell.swift */ = {isa = PBXFileReference; lastKnownFileType = sourcecode.swift; path = PositionCell.swift; sourceTree = "<group>"; };
		CAC7CE0229FCE75000A6F56E /* KKUser.swift */ = {isa = PBXFileReference; lastKnownFileType = sourcecode.swift; path = KKUser.swift; sourceTree = "<group>"; };
		CAC7CE0429FCEA9000A6F56E /* DataBaseService.swift */ = {isa = PBXFileReference; lastKnownFileType = sourcecode.swift; path = DataBaseService.swift; sourceTree = "<group>"; };
		CAD05ABF2A33C77E003C1DBC /* AdminOrdersView.swift */ = {isa = PBXFileReference; lastKnownFileType = sourcecode.swift; path = AdminOrdersView.swift; sourceTree = "<group>"; };
		CAD05AC42A33C948003C1DBC /* AdminOrdersViewModel.swift */ = {isa = PBXFileReference; lastKnownFileType = sourcecode.swift; path = AdminOrdersViewModel.swift; sourceTree = "<group>"; };
		CAF463702A2A152100874842 /* OrderCell.swift */ = {isa = PBXFileReference; lastKnownFileType = sourcecode.swift; path = OrderCell.swift; sourceTree = "<group>"; };
		CAFBC82E29CF94CB0089A4C1 /* MainTabBar.swift */ = {isa = PBXFileReference; lastKnownFileType = sourcecode.swift; path = MainTabBar.swift; sourceTree = "<group>"; };
		CAFBC83029CF9FE30089A4C1 /* CatalogView.swift */ = {isa = PBXFileReference; lastKnownFileType = sourcecode.swift; path = CatalogView.swift; sourceTree = "<group>"; };
		CAFBC83229CFA0390089A4C1 /* BasketView.swift */ = {isa = PBXFileReference; lastKnownFileType = sourcecode.swift; path = BasketView.swift; sourceTree = "<group>"; };
		CAFBC83429CFA0650089A4C1 /* ProfileView.swift */ = {isa = PBXFileReference; lastKnownFileType = sourcecode.swift; path = ProfileView.swift; sourceTree = "<group>"; };
		CAFBC83729D090E00089A4C1 /* Product.swift */ = {isa = PBXFileReference; lastKnownFileType = sourcecode.swift; path = Product.swift; sourceTree = "<group>"; };
		CAFBC83929D0928F0089A4C1 /* ProductViewCell.swift */ = {isa = PBXFileReference; lastKnownFileType = sourcecode.swift; path = ProductViewCell.swift; sourceTree = "<group>"; };
		CAFBC83D29D09C770089A4C1 /* CatalogViewModel.swift */ = {isa = PBXFileReference; lastKnownFileType = sourcecode.swift; path = CatalogViewModel.swift; sourceTree = "<group>"; };
		CAFBC84029D0A1660089A4C1 /* ProductDetailVIew.swift */ = {isa = PBXFileReference; lastKnownFileType = sourcecode.swift; path = ProductDetailVIew.swift; sourceTree = "<group>"; };
/* End PBXFileReference section */

/* Begin PBXFrameworksBuildPhase section */
		CA1CD0F529A699E10078B827 /* Frameworks */ = {
			isa = PBXFrameworksBuildPhase;
			buildActionMask = 2147483647;
			files = (
				CA1158F729E3E22C00821860 /* FirebaseAuth in Frameworks */,
				CA1158F929E3E22C00821860 /* FirebaseFirestore in Frameworks */,
				CA1158FB29E3E22C00821860 /* FirebaseStorage in Frameworks */,
			);
			runOnlyForDeploymentPostprocessing = 0;
		};
/* End PBXFrameworksBuildPhase section */

/* Begin PBXGroup section */
		CA1CD0EF29A699E10078B827 = {
			isa = PBXGroup;
			children = (
				CA1CD0FA29A699E10078B827 /* DeliveryPizza */,
				CA1CD0F929A699E10078B827 /* Products */,
			);
			sourceTree = "<group>";
		};
		CA1CD0F929A699E10078B827 /* Products */ = {
			isa = PBXGroup;
			children = (
				CA1CD0F829A699E10078B827 /* DeliveryPizza.app */,
			);
			name = Products;
			sourceTree = "<group>";
		};
		CA1CD0FA29A699E10078B827 /* DeliveryPizza */ = {
			isa = PBXGroup;
			children = (
				CA1CD0FB29A699E10078B827 /* DeliveryPizzaApp.swift */,
				CA4460A929ED15DE004A772C /* Services */,
				CAFBC83C29D09B570089A4C1 /* Model */,
				CAFBC83629D090390089A4C1 /* View */,
				CAFBC83F29D09CA20089A4C1 /* ViewModel */,
				CA1CD0FF29A699E20078B827 /* Assets.xcassets */,
				CA1158F329E3DE7F00821860 /* GoogleService-Info.plist */,
				CA1CD10129A699E20078B827 /* Preview Content */,
			);
			path = DeliveryPizza;
			sourceTree = "<group>";
		};
		CA1CD10129A699E20078B827 /* Preview Content */ = {
			isa = PBXGroup;
			children = (
				CA1CD10229A699E20078B827 /* Preview Assets.xcassets */,
			);
			path = "Preview Content";
			sourceTree = "<group>";
		};
		CA4460A929ED15DE004A772C /* Services */ = {
			isa = PBXGroup;
			children = (
				CA4460A729ED15D9004A772C /* AuthService.swift */,
				CAC7CE0429FCEA9000A6F56E /* DataBaseService.swift */,
				8A6EE8892A987C3200F565FC /* StorageSerive.swift */,
			);
			path = Services;
			sourceTree = "<group>";
		};
		CAD05AC12A33C796003C1DBC /* AdminInterface */ = {
			isa = PBXGroup;
			children = (
				CAD05ABF2A33C77E003C1DBC /* AdminOrdersView.swift */,
				8ABF255B2A796B8900144772 /* OrderView.swift */,
				8A0DB0C42A928EDB00A7C81C /* AddProductView.swift */,
			);
			name = AdminInterface;
			sourceTree = "<group>";
		};
		CAFBC83629D090390089A4C1 /* View */ = {
			isa = PBXGroup;
			children = (
				CAD05AC12A33C796003C1DBC /* AdminInterface */,
				CA1CD0FD29A699E10078B827 /* AuthView.swift */,
				CAFBC82E29CF94CB0089A4C1 /* MainTabBar.swift */,
				CAFBC83429CFA0650089A4C1 /* ProfileView.swift */,
				CAFBC83229CFA0390089A4C1 /* BasketView.swift */,
				CAFBC83029CF9FE30089A4C1 /* CatalogView.swift */,
				CAFBC84029D0A1660089A4C1 /* ProductDetailVIew.swift */,
				CAFBC83B29D092B10089A4C1 /* Components */,
			);
			path = View;
			sourceTree = "<group>";
		};
		CAFBC83B29D092B10089A4C1 /* Components */ = {
			isa = PBXGroup;
			children = (
				CAFBC83929D0928F0089A4C1 /* ProductViewCell.swift */,
				8A0DB0C22A92894000A7C81C /* ImagePiker.swift */,
				CA892FDA29D8C57000A47B86 /* PositionCell.swift */,
				CAF463702A2A152100874842 /* OrderCell.swift */,
			);
			path = Components;
			sourceTree = "<group>";
		};
		CAFBC83C29D09B570089A4C1 /* Model */ = {
			isa = PBXGroup;
			children = (
				CAFBC83729D090E00089A4C1 /* Product.swift */,
				CA5EAEC829D4FDDB00F148D0 /* Positions.swift */,
				CAC7CE0229FCE75000A6F56E /* KKUser.swift */,
				CA1F0D6C2A15410B00FC5419 /* Order.swift */,
				CA1F0D6E2A15497400FC5419 /* OrderStatus.swift */,
			);
			path = Model;
			sourceTree = "<group>";
		};
		CAFBC83F29D09CA20089A4C1 /* ViewModel */ = {
			isa = PBXGroup;
			children = (
				CAD05AC42A33C948003C1DBC /* AdminOrdersViewModel.swift */,
				CAFBC83D29D09C770089A4C1 /* CatalogViewModel.swift */,
				CA2B02E129D2BE920088C572 /* ProductDetailViewModel.swift */,
				CA5EAEC629D4FD6000F148D0 /* CartViewModel.swift */,
				CA5B72ED29F0882F00DF66F6 /* MainTabBarViewModel.swift */,
				CA5B28502A0230C90057A323 /* ProfileViewModel.swift */,
				8ABF255D2A796B9E00144772 /* OrderViewModel.swift */,
			);
			path = ViewModel;
			sourceTree = "<group>";
		};
/* End PBXGroup section */

/* Begin PBXNativeTarget section */
		CA1CD0F729A699E10078B827 /* DeliveryPizza */ = {
			isa = PBXNativeTarget;
			buildConfigurationList = CA1CD10629A699E20078B827 /* Build configuration list for PBXNativeTarget "DeliveryPizza" */;
			buildPhases = (
				CA1CD0F429A699E10078B827 /* Sources */,
				CA1CD0F529A699E10078B827 /* Frameworks */,
				CA1CD0F629A699E10078B827 /* Resources */,
			);
			buildRules = (
			);
			dependencies = (
			);
			name = DeliveryPizza;
			packageProductDependencies = (
				CA1158F629E3E22C00821860 /* FirebaseAuth */,
				CA1158F829E3E22C00821860 /* FirebaseFirestore */,
				CA1158FA29E3E22C00821860 /* FirebaseStorage */,
			);
			productName = DeliveryPizza;
			productReference = CA1CD0F829A699E10078B827 /* DeliveryPizza.app */;
			productType = "com.apple.product-type.application";
		};
/* End PBXNativeTarget section */

/* Begin PBXProject section */
		CA1CD0F029A699E10078B827 /* Project object */ = {
			isa = PBXProject;
			attributes = {
				BuildIndependentTargetsInParallel = 1;
				LastSwiftUpdateCheck = 1420;
				LastUpgradeCheck = 1420;
				TargetAttributes = {
					CA1CD0F729A699E10078B827 = {
						CreatedOnToolsVersion = 14.2;
					};
				};
			};
			buildConfigurationList = CA1CD0F329A699E10078B827 /* Build configuration list for PBXProject "DeliveryPizza" */;
			compatibilityVersion = "Xcode 14.0";
			developmentRegion = en;
			hasScannedForEncodings = 0;
			knownRegions = (
				en,
				Base,
			);
			mainGroup = CA1CD0EF29A699E10078B827;
			packageReferences = (
				CA1158F529E3E22C00821860 /* XCRemoteSwiftPackageReference "firebase-ios-sdk" */,
			);
			productRefGroup = CA1CD0F929A699E10078B827 /* Products */;
			projectDirPath = "";
			projectRoot = "";
			targets = (
				CA1CD0F729A699E10078B827 /* DeliveryPizza */,
			);
		};
/* End PBXProject section */

/* Begin PBXResourcesBuildPhase section */
		CA1CD0F629A699E10078B827 /* Resources */ = {
			isa = PBXResourcesBuildPhase;
			buildActionMask = 2147483647;
			files = (
				CA1CD10329A699E20078B827 /* Preview Assets.xcassets in Resources */,
				CA1CD10029A699E20078B827 /* Assets.xcassets in Resources */,
				CA1158F429E3DE7F00821860 /* GoogleService-Info.plist in Resources */,
			);
			runOnlyForDeploymentPostprocessing = 0;
		};
/* End PBXResourcesBuildPhase section */

/* Begin PBXSourcesBuildPhase section */
		CA1CD0F429A699E10078B827 /* Sources */ = {
			isa = PBXSourcesBuildPhase;
			buildActionMask = 2147483647;
			files = (
				CA5EAEC729D4FD6000F148D0 /* CartViewModel.swift in Sources */,
				CAD05AC52A33C948003C1DBC /* AdminOrdersViewModel.swift in Sources */,
				CA5B28512A0230C90057A323 /* ProfileViewModel.swift in Sources */,
				CA1F0D6D2A15410B00FC5419 /* Order.swift in Sources */,
				8A6EE88A2A987C3200F565FC /* StorageSerive.swift in Sources */,
				CAFBC82F29CF94CB0089A4C1 /* MainTabBar.swift in Sources */,
				CAC7CE0529FCEA9000A6F56E /* DataBaseService.swift in Sources */,
				CA1CD0FE29A699E10078B827 /* AuthView.swift in Sources */,
				CA1CD0FC29A699E10078B827 /* DeliveryPizzaApp.swift in Sources */,
				CAFBC83129CF9FE30089A4C1 /* CatalogView.swift in Sources */,
				CAFBC83A29D0928F0089A4C1 /* ProductViewCell.swift in Sources */,
				CA892FDB29D8C57000A47B86 /* PositionCell.swift in Sources */,
				CA4460A829ED15D9004A772C /* AuthService.swift in Sources */,
				CAD05AC02A33C77E003C1DBC /* AdminOrdersView.swift in Sources */,
				CA2B02E229D2BE920088C572 /* ProductDetailViewModel.swift in Sources */,
				CAF463712A2A152100874842 /* OrderCell.swift in Sources */,
				CA1F0D6F2A15497400FC5419 /* OrderStatus.swift in Sources */,
				8A0DB0C52A928EDB00A7C81C /* AddProductView.swift in Sources */,
				CA5EAEC929D4FDDB00F148D0 /* Positions.swift in Sources */,
				CAFBC83529CFA0650089A4C1 /* ProfileView.swift in Sources */,
				CAC7CE0329FCE75000A6F56E /* KKUser.swift in Sources */,
				8ABF255C2A796B8900144772 /* OrderView.swift in Sources */,
				CAFBC83329CFA0390089A4C1 /* BasketView.swift in Sources */,
				CAFBC83829D090E00089A4C1 /* Product.swift in Sources */,
				CAFBC83E29D09C770089A4C1 /* CatalogViewModel.swift in Sources */,
				8ABF255E2A796B9E00144772 /* OrderViewModel.swift in Sources */,
				CAFBC84129D0A1660089A4C1 /* ProductDetailVIew.swift in Sources */,
				8A0DB0C32A92894000A7C81C /* ImagePiker.swift in Sources */,
				CA5B72EE29F0882F00DF66F6 /* MainTabBarViewModel.swift in Sources */,
			);
			runOnlyForDeploymentPostprocessing = 0;
		};
/* End PBXSourcesBuildPhase section */

/* Begin XCBuildConfiguration section */
		CA1CD10429A699E20078B827 /* Debug */ = {
			isa = XCBuildConfiguration;
			buildSettings = {
				ALWAYS_SEARCH_USER_PATHS = NO;
				CLANG_ANALYZER_NONNULL = YES;
				CLANG_ANALYZER_NUMBER_OBJECT_CONVERSION = YES_AGGRESSIVE;
				CLANG_CXX_LANGUAGE_STANDARD = "gnu++20";
				CLANG_ENABLE_MODULES = YES;
				CLANG_ENABLE_OBJC_ARC = YES;
				CLANG_ENABLE_OBJC_WEAK = YES;
				CLANG_WARN_BLOCK_CAPTURE_AUTORELEASING = YES;
				CLANG_WARN_BOOL_CONVERSION = YES;
				CLANG_WARN_COMMA = YES;
				CLANG_WARN_CONSTANT_CONVERSION = YES;
				CLANG_WARN_DEPRECATED_OBJC_IMPLEMENTATIONS = YES;
				CLANG_WARN_DIRECT_OBJC_ISA_USAGE = YES_ERROR;
				CLANG_WARN_DOCUMENTATION_COMMENTS = YES;
				CLANG_WARN_EMPTY_BODY = YES;
				CLANG_WARN_ENUM_CONVERSION = YES;
				CLANG_WARN_INFINITE_RECURSION = YES;
				CLANG_WARN_INT_CONVERSION = YES;
				CLANG_WARN_NON_LITERAL_NULL_CONVERSION = YES;
				CLANG_WARN_OBJC_IMPLICIT_RETAIN_SELF = YES;
				CLANG_WARN_OBJC_LITERAL_CONVERSION = YES;
				CLANG_WARN_OBJC_ROOT_CLASS = YES_ERROR;
				CLANG_WARN_QUOTED_INCLUDE_IN_FRAMEWORK_HEADER = YES;
				CLANG_WARN_RANGE_LOOP_ANALYSIS = YES;
				CLANG_WARN_STRICT_PROTOTYPES = YES;
				CLANG_WARN_SUSPICIOUS_MOVE = YES;
				CLANG_WARN_UNGUARDED_AVAILABILITY = YES_AGGRESSIVE;
				CLANG_WARN_UNREACHABLE_CODE = YES;
				CLANG_WARN__DUPLICATE_METHOD_MATCH = YES;
				COPY_PHASE_STRIP = NO;
				DEBUG_INFORMATION_FORMAT = dwarf;
				ENABLE_STRICT_OBJC_MSGSEND = YES;
				ENABLE_TESTABILITY = YES;
				GCC_C_LANGUAGE_STANDARD = gnu11;
				GCC_DYNAMIC_NO_PIC = NO;
				GCC_NO_COMMON_BLOCKS = YES;
				GCC_OPTIMIZATION_LEVEL = 0;
				GCC_PREPROCESSOR_DEFINITIONS = (
					"DEBUG=1",
					"$(inherited)",
				);
				GCC_WARN_64_TO_32_BIT_CONVERSION = YES;
				GCC_WARN_ABOUT_RETURN_TYPE = YES_ERROR;
				GCC_WARN_UNDECLARED_SELECTOR = YES;
				GCC_WARN_UNINITIALIZED_AUTOS = YES_AGGRESSIVE;
				GCC_WARN_UNUSED_FUNCTION = YES;
				GCC_WARN_UNUSED_VARIABLE = YES;
				IPHONEOS_DEPLOYMENT_TARGET = 16.2;
				MTL_ENABLE_DEBUG_INFO = INCLUDE_SOURCE;
				MTL_FAST_MATH = YES;
				ONLY_ACTIVE_ARCH = YES;
				SDKROOT = iphoneos;
				SWIFT_ACTIVE_COMPILATION_CONDITIONS = DEBUG;
				SWIFT_OPTIMIZATION_LEVEL = "-Onone";
			};
			name = Debug;
		};
		CA1CD10529A699E20078B827 /* Release */ = {
			isa = XCBuildConfiguration;
			buildSettings = {
				ALWAYS_SEARCH_USER_PATHS = NO;
				CLANG_ANALYZER_NONNULL = YES;
				CLANG_ANALYZER_NUMBER_OBJECT_CONVERSION = YES_AGGRESSIVE;
				CLANG_CXX_LANGUAGE_STANDARD = "gnu++20";
				CLANG_ENABLE_MODULES = YES;
				CLANG_ENABLE_OBJC_ARC = YES;
				CLANG_ENABLE_OBJC_WEAK = YES;
				CLANG_WARN_BLOCK_CAPTURE_AUTORELEASING = YES;
				CLANG_WARN_BOOL_CONVERSION = YES;
				CLANG_WARN_COMMA = YES;
				CLANG_WARN_CONSTANT_CONVERSION = YES;
				CLANG_WARN_DEPRECATED_OBJC_IMPLEMENTATIONS = YES;
				CLANG_WARN_DIRECT_OBJC_ISA_USAGE = YES_ERROR;
				CLANG_WARN_DOCUMENTATION_COMMENTS = YES;
				CLANG_WARN_EMPTY_BODY = YES;
				CLANG_WARN_ENUM_CONVERSION = YES;
				CLANG_WARN_INFINITE_RECURSION = YES;
				CLANG_WARN_INT_CONVERSION = YES;
				CLANG_WARN_NON_LITERAL_NULL_CONVERSION = YES;
				CLANG_WARN_OBJC_IMPLICIT_RETAIN_SELF = YES;
				CLANG_WARN_OBJC_LITERAL_CONVERSION = YES;
				CLANG_WARN_OBJC_ROOT_CLASS = YES_ERROR;
				CLANG_WARN_QUOTED_INCLUDE_IN_FRAMEWORK_HEADER = YES;
				CLANG_WARN_RANGE_LOOP_ANALYSIS = YES;
				CLANG_WARN_STRICT_PROTOTYPES = YES;
				CLANG_WARN_SUSPICIOUS_MOVE = YES;
				CLANG_WARN_UNGUARDED_AVAILABILITY = YES_AGGRESSIVE;
				CLANG_WARN_UNREACHABLE_CODE = YES;
				CLANG_WARN__DUPLICATE_METHOD_MATCH = YES;
				COPY_PHASE_STRIP = NO;
				DEBUG_INFORMATION_FORMAT = "dwarf-with-dsym";
				ENABLE_NS_ASSERTIONS = NO;
				ENABLE_STRICT_OBJC_MSGSEND = YES;
				GCC_C_LANGUAGE_STANDARD = gnu11;
				GCC_NO_COMMON_BLOCKS = YES;
				GCC_WARN_64_TO_32_BIT_CONVERSION = YES;
				GCC_WARN_ABOUT_RETURN_TYPE = YES_ERROR;
				GCC_WARN_UNDECLARED_SELECTOR = YES;
				GCC_WARN_UNINITIALIZED_AUTOS = YES_AGGRESSIVE;
				GCC_WARN_UNUSED_FUNCTION = YES;
				GCC_WARN_UNUSED_VARIABLE = YES;
				IPHONEOS_DEPLOYMENT_TARGET = 16.2;
				MTL_ENABLE_DEBUG_INFO = NO;
				MTL_FAST_MATH = YES;
				SDKROOT = iphoneos;
				SWIFT_COMPILATION_MODE = wholemodule;
				SWIFT_OPTIMIZATION_LEVEL = "-O";
				VALIDATE_PRODUCT = YES;
			};
			name = Release;
		};
		CA1CD10729A699E20078B827 /* Debug */ = {
			isa = XCBuildConfiguration;
			buildSettings = {
				ASSETCATALOG_COMPILER_APPICON_NAME = AppIcon;
				ASSETCATALOG_COMPILER_GLOBAL_ACCENT_COLOR_NAME = AccentColor;
				CODE_SIGN_STYLE = Automatic;
				CURRENT_PROJECT_VERSION = 1;
				DEVELOPMENT_ASSET_PATHS = "\"DeliveryPizza/Preview Content\"";
				DEVELOPMENT_TEAM = JJF74M9Z2N;
				ENABLE_PREVIEWS = YES;
				GENERATE_INFOPLIST_FILE = YES;
				INFOPLIST_FILE = DeliveryPizza/Info.plist;
				INFOPLIST_KEY_NSCameraUsageDescription = "allow use camera";
				INFOPLIST_KEY_NSPhotoLibraryUsageDescription = "allow open galery for add photo";
				INFOPLIST_KEY_UIApplicationSceneManifest_Generation = YES;
				INFOPLIST_KEY_UIApplicationSupportsIndirectInputEvents = YES;
				INFOPLIST_KEY_UILaunchScreen_Generation = YES;
				INFOPLIST_KEY_UISupportedInterfaceOrientations_iPad = "UIInterfaceOrientationPortrait UIInterfaceOrientationPortraitUpsideDown UIInterfaceOrientationLandscapeLeft UIInterfaceOrientationLandscapeRight";
				INFOPLIST_KEY_UISupportedInterfaceOrientations_iPhone = "UIInterfaceOrientationPortrait UIInterfaceOrientationLandscapeLeft UIInterfaceOrientationLandscapeRight";
				LD_RUNPATH_SEARCH_PATHS = (
					"$(inherited)",
					"@executable_path/Frameworks",
				);
				MARKETING_VERSION = 1.0;
				PRODUCT_BUNDLE_IDENTIFIER = pl.koss.DeliveryPizza;
				PRODUCT_NAME = "$(TARGET_NAME)";
				SWIFT_EMIT_LOC_STRINGS = YES;
				SWIFT_VERSION = 5.0;
				TARGETED_DEVICE_FAMILY = "1,2";
			};
			name = Debug;
		};
		CA1CD10829A699E20078B827 /* Release */ = {
			isa = XCBuildConfiguration;
			buildSettings = {
				ASSETCATALOG_COMPILER_APPICON_NAME = AppIcon;
				ASSETCATALOG_COMPILER_GLOBAL_ACCENT_COLOR_NAME = AccentColor;
				CODE_SIGN_STYLE = Automatic;
				CURRENT_PROJECT_VERSION = 1;
				DEVELOPMENT_ASSET_PATHS = "\"DeliveryPizza/Preview Content\"";
				DEVELOPMENT_TEAM = JJF74M9Z2N;
				ENABLE_PREVIEWS = YES;
				GENERATE_INFOPLIST_FILE = YES;
				INFOPLIST_FILE = DeliveryPizza/Info.plist;
				INFOPLIST_KEY_NSCameraUsageDescription = "allow use camera";
				INFOPLIST_KEY_NSPhotoLibraryUsageDescription = "allow open galery for add photo";
				INFOPLIST_KEY_UIApplicationSceneManifest_Generation = YES;
				INFOPLIST_KEY_UIApplicationSupportsIndirectInputEvents = YES;
				INFOPLIST_KEY_UILaunchScreen_Generation = YES;
				INFOPLIST_KEY_UISupportedInterfaceOrientations_iPad = "UIInterfaceOrientationPortrait UIInterfaceOrientationPortraitUpsideDown UIInterfaceOrientationLandscapeLeft UIInterfaceOrientationLandscapeRight";
				INFOPLIST_KEY_UISupportedInterfaceOrientations_iPhone = "UIInterfaceOrientationPortrait UIInterfaceOrientationLandscapeLeft UIInterfaceOrientationLandscapeRight";
				LD_RUNPATH_SEARCH_PATHS = (
					"$(inherited)",
					"@executable_path/Frameworks",
				);
				MARKETING_VERSION = 1.0;
				PRODUCT_BUNDLE_IDENTIFIER = pl.koss.DeliveryPizza;
				PRODUCT_NAME = "$(TARGET_NAME)";
				SWIFT_EMIT_LOC_STRINGS = YES;
				SWIFT_VERSION = 5.0;
				TARGETED_DEVICE_FAMILY = "1,2";
			};
			name = Release;
		};
/* End XCBuildConfiguration section */

/* Begin XCConfigurationList section */
		CA1CD0F329A699E10078B827 /* Build configuration list for PBXProject "DeliveryPizza" */ = {
			isa = XCConfigurationList;
			buildConfigurations = (
				CA1CD10429A699E20078B827 /* Debug */,
				CA1CD10529A699E20078B827 /* Release */,
			);
			defaultConfigurationIsVisible = 0;
			defaultConfigurationName = Release;
		};
		CA1CD10629A699E20078B827 /* Build configuration list for PBXNativeTarget "DeliveryPizza" */ = {
			isa = XCConfigurationList;
			buildConfigurations = (
				CA1CD10729A699E20078B827 /* Debug */,
				CA1CD10829A699E20078B827 /* Release */,
			);
			defaultConfigurationIsVisible = 0;
			defaultConfigurationName = Release;
		};
/* End XCConfigurationList section */

/* Begin XCRemoteSwiftPackageReference section */
		CA1158F529E3E22C00821860 /* XCRemoteSwiftPackageReference "firebase-ios-sdk" */ = {
			isa = XCRemoteSwiftPackageReference;
			repositoryURL = "https://github.com/firebase/firebase-ios-sdk";
			requirement = {
				kind = upToNextMajorVersion;
				minimumVersion = 10.0.0;
			};
		};
/* End XCRemoteSwiftPackageReference section */

/* Begin XCSwiftPackageProductDependency section */
		CA1158F629E3E22C00821860 /* FirebaseAuth */ = {
			isa = XCSwiftPackageProductDependency;
			package = CA1158F529E3E22C00821860 /* XCRemoteSwiftPackageReference "firebase-ios-sdk" */;
			productName = FirebaseAuth;
		};
		CA1158F829E3E22C00821860 /* FirebaseFirestore */ = {
			isa = XCSwiftPackageProductDependency;
			package = CA1158F529E3E22C00821860 /* XCRemoteSwiftPackageReference "firebase-ios-sdk" */;
			productName = FirebaseFirestore;
		};
		CA1158FA29E3E22C00821860 /* FirebaseStorage */ = {
			isa = XCSwiftPackageProductDependency;
			package = CA1158F529E3E22C00821860 /* XCRemoteSwiftPackageReference "firebase-ios-sdk" */;
			productName = FirebaseStorage;
		};
/* End XCSwiftPackageProductDependency section */
	};
	rootObject = CA1CD0F029A699E10078B827 /* Project object */;
}
