// !$*UTF8*$!
{
	archiveVersion = 1;
	classes = {
	};
	objectVersion = 56;
	objects = {

/* Begin PBXBuildFile section */
		CA1CD0FC29A699E10078B827 /* DeliveryPizzaApp.swift in Sources */ = {isa = PBXBuildFile; fileRef = CA1CD0FB29A699E10078B827 /* DeliveryPizzaApp.swift */; };
		CA1CD0FE29A699E10078B827 /* AuthView.swift in Sources */ = {isa = PBXBuildFile; fileRef = CA1CD0FD29A699E10078B827 /* AuthView.swift */; };
		CA1CD10029A699E20078B827 /* Assets.xcassets in Resources */ = {isa = PBXBuildFile; fileRef = CA1CD0FF29A699E20078B827 /* Assets.xcassets */; };
		CA1CD10329A699E20078B827 /* Preview Assets.xcassets in Resources */ = {isa = PBXBuildFile; fileRef = CA1CD10229A699E20078B827 /* Preview Assets.xcassets */; };
		CAFBC82F29CF94CB0089A4C1 /* MainTabBarView.swift in Sources */ = {isa = PBXBuildFile; fileRef = CAFBC82E29CF94CB0089A4C1 /* MainTabBarView.swift */; };
		CAFBC83129CF9FE30089A4C1 /* CatalogView.swift in Sources */ = {isa = PBXBuildFile; fileRef = CAFBC83029CF9FE30089A4C1 /* CatalogView.swift */; };
		CAFBC83329CFA0390089A4C1 /* BasketView.swift in Sources */ = {isa = PBXBuildFile; fileRef = CAFBC83229CFA0390089A4C1 /* BasketView.swift */; };
		CAFBC83529CFA0650089A4C1 /* ProfileView.swift in Sources */ = {isa = PBXBuildFile; fileRef = CAFBC83429CFA0650089A4C1 /* ProfileView.swift */; };
		CAFBC83829D090E00089A4C1 /* Product.swift in Sources */ = {isa = PBXBuildFile; fileRef = CAFBC83729D090E00089A4C1 /* Product.swift */; };
		CAFBC83A29D0928F0089A4C1 /* ProductViewCell.swift in Sources */ = {isa = PBXBuildFile; fileRef = CAFBC83929D0928F0089A4C1 /* ProductViewCell.swift */; };
		CAFBC83E29D09C770089A4C1 /* CatalogViewModel.swift in Sources */ = {isa = PBXBuildFile; fileRef = CAFBC83D29D09C770089A4C1 /* CatalogViewModel.swift */; };
		CAFBC84129D0A1660089A4C1 /* ProductDetailVIew.swift in Sources */ = {isa = PBXBuildFile; fileRef = CAFBC84029D0A1660089A4C1 /* ProductDetailVIew.swift */; };
/* End PBXBuildFile section */

/* Begin PBXFileReference section */
		CA1CD0F829A699E10078B827 /* DeliveryPizza.app */ = {isa = PBXFileReference; explicitFileType = wrapper.application; includeInIndex = 0; path = DeliveryPizza.app; sourceTree = BUILT_PRODUCTS_DIR; };
		CA1CD0FB29A699E10078B827 /* DeliveryPizzaApp.swift */ = {isa = PBXFileReference; lastKnownFileType = sourcecode.swift; path = DeliveryPizzaApp.swift; sourceTree = "<group>"; };
		CA1CD0FD29A699E10078B827 /* AuthView.swift */ = {isa = PBXFileReference; lastKnownFileType = sourcecode.swift; path = AuthView.swift; sourceTree = "<group>"; };
		CA1CD0FF29A699E20078B827 /* Assets.xcassets */ = {isa = PBXFileReference; lastKnownFileType = folder.assetcatalog; path = Assets.xcassets; sourceTree = "<group>"; };
		CA1CD10229A699E20078B827 /* Preview Assets.xcassets */ = {isa = PBXFileReference; lastKnownFileType = folder.assetcatalog; path = "Preview Assets.xcassets"; sourceTree = "<group>"; };
		CAFBC82E29CF94CB0089A4C1 /* MainTabBarView.swift */ = {isa = PBXFileReference; lastKnownFileType = sourcecode.swift; path = MainTabBarView.swift; sourceTree = "<group>"; };
		CAFBC83029CF9FE30089A4C1 /* CatalogView.swift */ = {isa = PBXFileReference; lastKnownFileType = sourcecode.swift; path = CatalogView.swift; sourceTree = "<group>"; };
		CAFBC83229CFA0390089A4C1 /* BasketView.swift */ = {isa = PBXFileReference; lastKnownFileType = sourcecode.swift; path = BasketView.swift; sourceTree = "<group>"; };
		CAFBC83429CFA0650089A4C1 /* ProfileView.swift */ = {isa = PBXFileReference; lastKnownFileType = sourcecode.swift; path = ProfileView.swift; sourceTree = "<group>"; };
		CAFBC83729D090E00089A4C1 /* Product.swift */ = {isa = PBXFileReference; lastKnownFileType = sourcecode.swift; path = Product.swift; sourceTree = "<group>"; };
		CAFBC83929D0928F0089A4C1 /* ProductViewCell.swift */ = {isa = PBXFileReference; lastKnownFileType = sourcecode.swift; path = ProductViewCell.swift; sourceTree = "<group>"; };
		CAFBC83D29D09C770089A4C1 /* CatalogViewModel.swift */ = {isa = PBXFileReference; lastKnownFileType = sourcecode.swift; path = CatalogViewModel.swift; sourceTree = "<group>"; };
		CAFBC84029D0A1660089A4C1 /* ProductDetailVIew.swift */ = {isa = PBXFileReference; lastKnownFileType = sourcecode.swift; path = ProductDetailVIew.swift; sourceTree = "<group>"; };
/* End PBXFileReference section */

/* Begin PBXFrameworksBuildPhase section */
		CA1CD0F529A699E10078B827 /* Frameworks */ = {
			isa = PBXFrameworksBuildPhase;
			buildActionMask = 2147483647;
			files = (
			);
			runOnlyForDeploymentPostprocessing = 0;
		};
/* End PBXFrameworksBuildPhase section */

/* Begin PBXGroup section */
		CA1CD0EF29A699E10078B827 = {
			isa = PBXGroup;
			children = (
				CA1CD0FA29A699E10078B827 /* DeliveryPizza */,
				CA1CD0F929A699E10078B827 /* Products */,
			);
			sourceTree = "<group>";
		};
		CA1CD0F929A699E10078B827 /* Products */ = {
			isa = PBXGroup;
			children = (
				CA1CD0F829A699E10078B827 /* DeliveryPizza.app */,
			);
			name = Products;
			sourceTree = "<group>";
		};
		CA1CD0FA29A699E10078B827 /* DeliveryPizza */ = {
			isa = PBXGroup;
			children = (
				CA1CD0FB29A699E10078B827 /* DeliveryPizzaApp.swift */,
				CAFBC83F29D09CA20089A4C1 /* ViewModel */,
				CAFBC83C29D09B570089A4C1 /* Model */,
				CAFBC83629D090390089A4C1 /* View */,
				CA1CD0FF29A699E20078B827 /* Assets.xcassets */,
				CA1CD10129A699E20078B827 /* Preview Content */,
			);
			path = DeliveryPizza;
			sourceTree = "<group>";
		};
		CA1CD10129A699E20078B827 /* Preview Content */ = {
			isa = PBXGroup;
			children = (
				CA1CD10229A699E20078B827 /* Preview Assets.xcassets */,
			);
			path = "Preview Content";
			sourceTree = "<group>";
		};
		CAFBC83629D090390089A4C1 /* View */ = {
			isa = PBXGroup;
			children = (
				CA1CD0FD29A699E10078B827 /* AuthView.swift */,
				CAFBC82E29CF94CB0089A4C1 /* MainTabBarView.swift */,
				CAFBC83429CFA0650089A4C1 /* ProfileView.swift */,
				CAFBC83229CFA0390089A4C1 /* BasketView.swift */,
				CAFBC83029CF9FE30089A4C1 /* CatalogView.swift */,
				CAFBC84029D0A1660089A4C1 /* ProductDetailVIew.swift */,
				CAFBC83B29D092B10089A4C1 /* Components */,
			);
			path = View;
			sourceTree = "<group>";
		};
		CAFBC83B29D092B10089A4C1 /* Components */ = {
			isa = PBXGroup;
			children = (
				CAFBC83929D0928F0089A4C1 /* ProductViewCell.swift */,
			);
			path = Components;
			sourceTree = "<group>";
		};
		CAFBC83C29D09B570089A4C1 /* Model */ = {
			isa = PBXGroup;
			children = (
				CAFBC83729D090E00089A4C1 /* Product.swift */,
			);
			path = Model;
			sourceTree = "<group>";
		};
		CAFBC83F29D09CA20089A4C1 /* ViewModel */ = {
			isa = PBXGroup;
			children = (
				CAFBC83D29D09C770089A4C1 /* CatalogViewModel.swift */,
			);
			path = ViewModel;
			sourceTree = "<group>";
		};
/* End PBXGroup section */

/* Begin PBXNativeTarget section */
		CA1CD0F729A699E10078B827 /* DeliveryPizza */ = {
			isa = PBXNativeTarget;
			buildConfigurationList = CA1CD10629A699E20078B827 /* Build configuration list for PBXNativeTarget "DeliveryPizza" */;
			buildPhases = (
				CA1CD0F429A699E10078B827 /* Sources */,
				CA1CD0F529A699E10078B827 /* Frameworks */,
				CA1CD0F629A699E10078B827 /* Resources */,
			);
			buildRules = (
			);
			dependencies = (
			);
			name = DeliveryPizza;
			productName = DeliveryPizza;
			productReference = CA1CD0F829A699E10078B827 /* DeliveryPizza.app */;
			productType = "com.apple.product-type.application";
		};
/* End PBXNativeTarget section */

/* Begin PBXProject section */
		CA1CD0F029A699E10078B827 /* Project object */ = {
			isa = PBXProject;
			attributes = {
				BuildIndependentTargetsInParallel = 1;
				LastSwiftUpdateCheck = 1420;
				LastUpgradeCheck = 1420;
				TargetAttributes = {
					CA1CD0F729A699E10078B827 = {
						CreatedOnToolsVersion = 14.2;
					};
				};
			};
			buildConfigurationList = CA1CD0F329A699E10078B827 /* Build configuration list for PBXProject "DeliveryPizza" */;
			compatibilityVersion = "Xcode 14.0";
			developmentRegion = en;
			hasScannedForEncodings = 0;
			knownRegions = (
				en,
				Base,
			);
			mainGroup = CA1CD0EF29A699E10078B827;
			productRefGroup = CA1CD0F929A699E10078B827 /* Products */;
			projectDirPath = "";
			projectRoot = "";
			targets = (
				CA1CD0F729A699E10078B827 /* DeliveryPizza */,
			);
		};
/* End PBXProject section */

/* Begin PBXResourcesBuildPhase section */
		CA1CD0F629A699E10078B827 /* Resources */ = {
			isa = PBXResourcesBuildPhase;
			buildActionMask = 2147483647;
			files = (
				CA1CD10329A699E20078B827 /* Preview Assets.xcassets in Resources */,
				CA1CD10029A699E20078B827 /* Assets.xcassets in Resources */,
			);
			runOnlyForDeploymentPostprocessing = 0;
		};
/* End PBXResourcesBuildPhase section */

/* Begin PBXSourcesBuildPhase section */
		CA1CD0F429A699E10078B827 /* Sources */ = {
			isa = PBXSourcesBuildPhase;
			buildActionMask = 2147483647;
			files = (
				CAFBC82F29CF94CB0089A4C1 /* MainTabBarView.swift in Sources */,
				CA1CD0FE29A699E10078B827 /* AuthView.swift in Sources */,
				CA1CD0FC29A699E10078B827 /* DeliveryPizzaApp.swift in Sources */,
				CAFBC83129CF9FE30089A4C1 /* CatalogView.swift in Sources */,
				CAFBC83A29D0928F0089A4C1 /* ProductViewCell.swift in Sources */,
				CAFBC83529CFA0650089A4C1 /* ProfileView.swift in Sources */,
				CAFBC83329CFA0390089A4C1 /* BasketView.swift in Sources */,
				CAFBC83829D090E00089A4C1 /* Product.swift in Sources */,
				CAFBC83E29D09C770089A4C1 /* CatalogViewModel.swift in Sources */,
				CAFBC84129D0A1660089A4C1 /* ProductDetailVIew.swift in Sources */,
			);
			runOnlyForDeploymentPostprocessing = 0;
		};
/* End PBXSourcesBuildPhase section */

/* Begin XCBuildConfiguration section */
		CA1CD10429A699E20078B827 /* Debug */ = {
			isa = XCBuildConfiguration;
			buildSettings = {
				ALWAYS_SEARCH_USER_PATHS = NO;
				CLANG_ANALYZER_NONNULL = YES;
				CLANG_ANALYZER_NUMBER_OBJECT_CONVERSION = YES_AGGRESSIVE;
				CLANG_CXX_LANGUAGE_STANDARD = "gnu++20";
				CLANG_ENABLE_MODULES = YES;
				CLANG_ENABLE_OBJC_ARC = YES;
				CLANG_ENABLE_OBJC_WEAK = YES;
				CLANG_WARN_BLOCK_CAPTURE_AUTORELEASING = YES;
				CLANG_WARN_BOOL_CONVERSION = YES;
				CLANG_WARN_COMMA = YES;
				CLANG_WARN_CONSTANT_CONVERSION = YES;
				CLANG_WARN_DEPRECATED_OBJC_IMPLEMENTATIONS = YES;
				CLANG_WARN_DIRECT_OBJC_ISA_USAGE = YES_ERROR;
				CLANG_WARN_DOCUMENTATION_COMMENTS = YES;
				CLANG_WARN_EMPTY_BODY = YES;
				CLANG_WARN_ENUM_CONVERSION = YES;
				CLANG_WARN_INFINITE_RECURSION = YES;
				CLANG_WARN_INT_CONVERSION = YES;
				CLANG_WARN_NON_LITERAL_NULL_CONVERSION = YES;
				CLANG_WARN_OBJC_IMPLICIT_RETAIN_SELF = YES;
				CLANG_WARN_OBJC_LITERAL_CONVERSION = YES;
				CLANG_WARN_OBJC_ROOT_CLASS = YES_ERROR;
				CLANG_WARN_QUOTED_INCLUDE_IN_FRAMEWORK_HEADER = YES;
				CLANG_WARN_RANGE_LOOP_ANALYSIS = YES;
				CLANG_WARN_STRICT_PROTOTYPES = YES;
				CLANG_WARN_SUSPICIOUS_MOVE = YES;
				CLANG_WARN_UNGUARDED_AVAILABILITY = YES_AGGRESSIVE;
				CLANG_WARN_UNREACHABLE_CODE = YES;
				CLANG_WARN__DUPLICATE_METHOD_MATCH = YES;
				COPY_PHASE_STRIP = NO;
				DEBUG_INFORMATION_FORMAT = dwarf;
				ENABLE_STRICT_OBJC_MSGSEND = YES;
				ENABLE_TESTABILITY = YES;
				GCC_C_LANGUAGE_STANDARD = gnu11;
				GCC_DYNAMIC_NO_PIC = NO;
				GCC_NO_COMMON_BLOCKS = YES;
				GCC_OPTIMIZATION_LEVEL = 0;
				GCC_PREPROCESSOR_DEFINITIONS = (
					"DEBUG=1",
					"$(inherited)",
				);
				GCC_WARN_64_TO_32_BIT_CONVERSION = YES;
				GCC_WARN_ABOUT_RETURN_TYPE = YES_ERROR;
				GCC_WARN_UNDECLARED_SELECTOR = YES;
				GCC_WARN_UNINITIALIZED_AUTOS = YES_AGGRESSIVE;
				GCC_WARN_UNUSED_FUNCTION = YES;
				GCC_WARN_UNUSED_VARIABLE = YES;
				IPHONEOS_DEPLOYMENT_TARGET = 16.2;
				MTL_ENABLE_DEBUG_INFO = INCLUDE_SOURCE;
				MTL_FAST_MATH = YES;
				ONLY_ACTIVE_ARCH = YES;
				SDKROOT = iphoneos;
				SWIFT_ACTIVE_COMPILATION_CONDITIONS = DEBUG;
				SWIFT_OPTIMIZATION_LEVEL = "-Onone";
			};
			name = Debug;
		};
		CA1CD10529A699E20078B827 /* Release */ = {
			isa = XCBuildConfiguration;
			buildSettings = {
				ALWAYS_SEARCH_USER_PATHS = NO;
				CLANG_ANALYZER_NONNULL = YES;
				CLANG_ANALYZER_NUMBER_OBJECT_CONVERSION = YES_AGGRESSIVE;
				CLANG_CXX_LANGUAGE_STANDARD = "gnu++20";
				CLANG_ENABLE_MODULES = YES;
				CLANG_ENABLE_OBJC_ARC = YES;
				CLANG_ENABLE_OBJC_WEAK = YES;
				CLANG_WARN_BLOCK_CAPTURE_AUTORELEASING = YES;
				CLANG_WARN_BOOL_CONVERSION = YES;
				CLANG_WARN_COMMA = YES;
				CLANG_WARN_CONSTANT_CONVERSION = YES;
				CLANG_WARN_DEPRECATED_OBJC_IMPLEMENTATIONS = YES;
				CLANG_WARN_DIRECT_OBJC_ISA_USAGE = YES_ERROR;
				CLANG_WARN_DOCUMENTATION_COMMENTS = YES;
				CLANG_WARN_EMPTY_BODY = YES;
				CLANG_WARN_ENUM_CONVERSION = YES;
				CLANG_WARN_INFINITE_RECURSION = YES;
				CLANG_WARN_INT_CONVERSION = YES;
				CLANG_WARN_NON_LITERAL_NULL_CONVERSION = YES;
				CLANG_WARN_OBJC_IMPLICIT_RETAIN_SELF = YES;
				CLANG_WARN_OBJC_LITERAL_CONVERSION = YES;
				CLANG_WARN_OBJC_ROOT_CLASS = YES_ERROR;
				CLANG_WARN_QUOTED_INCLUDE_IN_FRAMEWORK_HEADER = YES;
				CLANG_WARN_RANGE_LOOP_ANALYSIS = YES;
				CLANG_WARN_STRICT_PROTOTYPES = YES;
				CLANG_WARN_SUSPICIOUS_MOVE = YES;
				CLANG_WARN_UNGUARDED_AVAILABILITY = YES_AGGRESSIVE;
				CLANG_WARN_UNREACHABLE_CODE = YES;
				CLANG_WARN__DUPLICATE_METHOD_MATCH = YES;
				COPY_PHASE_STRIP = NO;
				DEBUG_INFORMATION_FORMAT = "dwarf-with-dsym";
				ENABLE_NS_ASSERTIONS = NO;
				ENABLE_STRICT_OBJC_MSGSEND = YES;
				GCC_C_LANGUAGE_STANDARD = gnu11;
				GCC_NO_COMMON_BLOCKS = YES;
				GCC_WARN_64_TO_32_BIT_CONVERSION = YES;
				GCC_WARN_ABOUT_RETURN_TYPE = YES_ERROR;
				GCC_WARN_UNDECLARED_SELECTOR = YES;
				GCC_WARN_UNINITIALIZED_AUTOS = YES_AGGRESSIVE;
				GCC_WARN_UNUSED_FUNCTION = YES;
				GCC_WARN_UNUSED_VARIABLE = YES;
				IPHONEOS_DEPLOYMENT_TARGET = 16.2;
				MTL_ENABLE_DEBUG_INFO = NO;
				MTL_FAST_MATH = YES;
				SDKROOT = iphoneos;
				SWIFT_COMPILATION_MODE = wholemodule;
				SWIFT_OPTIMIZATION_LEVEL = "-O";
				VALIDATE_PRODUCT = YES;
			};
			name = Release;
		};
		CA1CD10729A699E20078B827 /* Debug */ = {
			isa = XCBuildConfiguration;
			buildSettings = {
				ASSETCATALOG_COMPILER_APPICON_NAME = AppIcon;
				ASSETCATALOG_COMPILER_GLOBAL_ACCENT_COLOR_NAME = AccentColor;
				CODE_SIGN_STYLE = Automatic;
				CURRENT_PROJECT_VERSION = 1;
				DEVELOPMENT_ASSET_PATHS = "\"DeliveryPizza/Preview Content\"";
				DEVELOPMENT_TEAM = JJF74M9Z2N;
				ENABLE_PREVIEWS = YES;
				GENERATE_INFOPLIST_FILE = YES;
				INFOPLIST_KEY_UIApplicationSceneManifest_Generation = YES;
				INFOPLIST_KEY_UIApplicationSupportsIndirectInputEvents = YES;
				INFOPLIST_KEY_UILaunchScreen_Generation = YES;
				INFOPLIST_KEY_UISupportedInterfaceOrientations_iPad = "UIInterfaceOrientationPortrait UIInterfaceOrientationPortraitUpsideDown UIInterfaceOrientationLandscapeLeft UIInterfaceOrientationLandscapeRight";
				INFOPLIST_KEY_UISupportedInterfaceOrientations_iPhone = "UIInterfaceOrientationPortrait UIInterfaceOrientationLandscapeLeft UIInterfaceOrientationLandscapeRight";
				LD_RUNPATH_SEARCH_PATHS = (
					"$(inherited)",
					"@executable_path/Frameworks",
				);
				MARKETING_VERSION = 1.0;
				PRODUCT_BUNDLE_IDENTIFIER = pl.koss.DeliveryPizza;
				PRODUCT_NAME = "$(TARGET_NAME)";
				SWIFT_EMIT_LOC_STRINGS = YES;
				SWIFT_VERSION = 5.0;
				TARGETED_DEVICE_FAMILY = "1,2";
			};
			name = Debug;
		};
		CA1CD10829A699E20078B827 /* Release */ = {
			isa = XCBuildConfiguration;
			buildSettings = {
				ASSETCATALOG_COMPILER_APPICON_NAME = AppIcon;
				ASSETCATALOG_COMPILER_GLOBAL_ACCENT_COLOR_NAME = AccentColor;
				CODE_SIGN_STYLE = Automatic;
				CURRENT_PROJECT_VERSION = 1;
				DEVELOPMENT_ASSET_PATHS = "\"DeliveryPizza/Preview Content\"";
				DEVELOPMENT_TEAM = JJF74M9Z2N;
				ENABLE_PREVIEWS = YES;
				GENERATE_INFOPLIST_FILE = YES;
				INFOPLIST_KEY_UIApplicationSceneManifest_Generation = YES;
				INFOPLIST_KEY_UIApplicationSupportsIndirectInputEvents = YES;
				INFOPLIST_KEY_UILaunchScreen_Generation = YES;
				INFOPLIST_KEY_UISupportedInterfaceOrientations_iPad = "UIInterfaceOrientationPortrait UIInterfaceOrientationPortraitUpsideDown UIInterfaceOrientationLandscapeLeft UIInterfaceOrientationLandscapeRight";
				INFOPLIST_KEY_UISupportedInterfaceOrientations_iPhone = "UIInterfaceOrientationPortrait UIInterfaceOrientationLandscapeLeft UIInterfaceOrientationLandscapeRight";
				LD_RUNPATH_SEARCH_PATHS = (
					"$(inherited)",
					"@executable_path/Frameworks",
				);
				MARKETING_VERSION = 1.0;
				PRODUCT_BUNDLE_IDENTIFIER = pl.koss.DeliveryPizza;
				PRODUCT_NAME = "$(TARGET_NAME)";
				SWIFT_EMIT_LOC_STRINGS = YES;
				SWIFT_VERSION = 5.0;
				TARGETED_DEVICE_FAMILY = "1,2";
			};
			name = Release;
		};
/* End XCBuildConfiguration section */

/* Begin XCConfigurationList section */
		CA1CD0F329A699E10078B827 /* Build configuration list for PBXProject "DeliveryPizza" */ = {
			isa = XCConfigurationList;
			buildConfigurations = (
				CA1CD10429A699E20078B827 /* Debug */,
				CA1CD10529A699E20078B827 /* Release */,
			);
			defaultConfigurationIsVisible = 0;
			defaultConfigurationName = Release;
		};
		CA1CD10629A699E20078B827 /* Build configuration list for PBXNativeTarget "DeliveryPizza" */ = {
			isa = XCConfigurationList;
			buildConfigurations = (
				CA1CD10729A699E20078B827 /* Debug */,
				CA1CD10829A699E20078B827 /* Release */,
			);
			defaultConfigurationIsVisible = 0;
			defaultConfigurationName = Release;
		};
/* End XCConfigurationList section */
	};
	rootObject = CA1CD0F029A699E10078B827 /* Project object */;
}
